{
  "nodes": {
    "arcface": {
      "flake": false,
      "locked": {
        "narHash": "sha256-x6WbYR5HIwK0xzlI64a7gIldl0174vLf+L0lmJcue/s=",
        "type": "file",
        "url": "https://huggingface.co/felixrosberg/ArcFace/resolve/6411a8a813c8bd0b31facd917b5b9aa31ff90789/ArcFace-Res50.h5"
      },
      "original": {
        "type": "file",
        "url": "https://huggingface.co/felixrosberg/ArcFace/resolve/6411a8a813c8bd0b31facd917b5b9aa31ff90789/ArcFace-Res50.h5"
      }
    },
    "celeb": {
      "flake": false,
      "locked": {
        "lastModified": 1557717758,
        "narHash": "sha256-QyrsSJqLQumdwOPcSQFb2ZI0xBjcgNwBAAxopOAAw+E=",
        "type": "tarball",
        "url": "https://huggingface.co/datasets/liusq/CelebAMask-HQ/resolve/9cd422d28a64c1f5e7144f3a5a398b78bbb9ad11/CelebAMask-HQ.zip"
      },
      "original": {
        "type": "tarball",
        "url": "https://huggingface.co/datasets/liusq/CelebAMask-HQ/resolve/9cd422d28a64c1f5e7144f3a5a398b78bbb9ad11/CelebAMask-HQ.zip"
      }
    },
    "devenv": {
      "locked": {
        "dir": "src/modules",
        "lastModified": 1786061230,
        "narHash": "sha256-WCHnwTJh+LdlJgEZ8N/3ecunEdHsaC+M5r7TRHYB9+E=",
        "owner": "cachix",
        "repo": "devenv",
        "rev": "df34dfcac8ac4fa3fbaeb582f90bac72acccbb53",
        "type": "github"
      },
      "original": {
        "dir": "src/modules",
        "owner": "cachix",
        "repo": "devenv",
        "type": "github"
      }
    },
    "expressionembedder": {
      "flake": false,
      "locked": {
        "narHash": "sha256-3p3YSv9fX8rXKV65CWVLr5AgnpRy8+DLRIbB3exnTbc=",
        "type": "file",
        "url": "https://huggingface.co/felixrosberg/ExpressionEmbedder/resolve/7bf3fb5305ac1b6433656fd0317277839fe064c6/ExpressionEmbedder-B0.h5"
      },
      "original": {
        "type": "file",
        "url": "https://huggingface.co/felixrosberg/ExpressionEmbedder/resolve/7bf3fb5305ac1b6433656fd0317277839fe064c6/ExpressionEmbedder-B0.h5"
      }
    },
    "flake-compat": {
      "flake": false,
      "locked": {
        "lastModified": 1767039857,
        "narHash": "sha256-vNpUSpF5Nuw8xvDLj2KCwwksIbjua2LZCqhV1LNRDns=",
        "owner": "edolstra",
        "repo": "flake-compat",
        "rev": "5edf11c44bc78a0d334f6334cdaf7d60d732daab",
        "type": "github"
      },
      "original": {
        "owner": "edolstra",
        "repo": "flake-compat",
        "type": "github"
      }
    },
    "hands": {
      "flake": false,
      "locked": {
        "lastModified": 1507016734,
        "narHash": "sha256-YKuf9Z5eqISt5Uq7LAs/qbtK3aeUn/zZnYPQeGdGaUU=",
        "type": "tarball",
        "url": "https://drive.usercontent.google.com/download?confirm=t&export=download&id=1KcMYcNJgtK1zZvfl_9sTqnyBUTri2aP2"
      },
      "original": {
        "type": "tarball",
        "url": "https://drive.usercontent.google.com/download?confirm=t&export=download&id=1KcMYcNJgtK1zZvfl_9sTqnyBUTri2aP2"
      }
    },
    "nixpkgs": {
      "inputs": {
        "nixpkgs-src": "nixpkgs-src"
      },
      "locked": {
        "lastModified": 1785855293,
        "narHash": "sha256-oFTyNNuuFPL6KXd1D0w4K+IHmKIiXtCMdlnoc9vXkTk=",
        "owner": "cachix",
        "repo": "devenv-nixpkgs",
        "rev": "6d5d03d1dfd5f530a098832d0f5433479b576278",
        "type": "github"
      },
      "original": {
        "owner": "cachix",
        "ref": "rolling",
        "repo": "devenv-nixpkgs",
        "type": "github"
      }
    },
    "nixpkgs-python": {
      "inputs": {
        "flake-compat": "flake-compat",
        "nixpkgs": [
          "nixpkgs"
        ]
      },
      "locked": {
        "lastModified": 1784686015,
        "narHash": "sha256-HpbHqOrLbDS+ZTK2u9iojvWfMlWnuPzGb9XGcEipIxE=",
        "owner": "cachix",
        "repo": "nixpkgs-python",
        "rev": "8d51e95247ca71680b72cdd308fdf1dbeb031313",
        "type": "github"
      },
      "original": {
        "owner": "cachix",
        "repo": "nixpkgs-python",
        "type": "github"
      }
    },
    "nixpkgs-src": {
      "flake": false,
      "locked": {
        "lastModified": 1785715447,
        "narHash": "sha256-4K0IGmbAOJnd/Hx2+CNEvx3ECrtYnsoaf4grI6gvZ/Q=",
        "owner": "NixOS",
        "repo": "nixpkgs",
        "rev": "243895692ae2a2fbd08a05141462c0cc0d3ca10f",
        "type": "github"
      },
      "original": {
        "owner": "NixOS",
        "ref": "nixpkgs-unstable",
        "repo": "nixpkgs",
        "type": "github"
      }
    },
    "retinaface": {
      "flake": false,
      "locked": {
        "narHash": "sha256-Zuy7312qlS0JkFXmpmrDbaLufdYfhF57QyZP7lgcNmk=",
        "type": "file",
        "url": "https://huggingface.co/felixrosberg/RetinaFace/resolve/5ba7297274adc176a0bc60193e1290cd4f944b58/RetinaFace-Res50.h5"
      },
      "original": {
        "type": "file",
        "url": "https://huggingface.co/felixrosberg/RetinaFace/resolve/5ba7297274adc176a0bc60193e1290cd4f944b58/RetinaFace-Res50.h5"
      }
    },
    "root": {
      "inputs": {
        "arcface": "arcface",
        "celeb": "celeb",
        "devenv": "devenv",
        "expressionembedder": "expressionembedder",
        "hands": "hands",
        "nixpkgs": "nixpkgs",
        "nixpkgs-python": "nixpkgs-python",
        "retinaface": "retinaface"
      }
    }
  },
  "root": "root",
  "version": 7
}